
Microsoft Visual Studio Solution File, Format Version 12.00
# Visual Studio Version 17
VisualStudioVersion = 17.5.002.0
MinimumVisualStudioVersion = 10.0.40219.1
Project("{9A19103F-16F7-4668-BE54-9A1E7A4F7556}") = "task3", "task3.csproj", "{B732B4F9-339A-4588-8F76-1B5D0B33702B}"
EndProject
Global
	GlobalSection(SolutionConfigurationPlatforms) = preSolution
		Debug|Any CPU = Debug|Any CPU
		Release|Any CPU = Release|Any CPU
	EndGlobalSection
	GlobalSection(ProjectConfigurationPlatforms) = postSolution
		{B732B4F9-339A-4588-8F76-1B5D0B33702B}.Debug|Any CPU.ActiveCfg = Debug|Any CPU
		{B732B4F9-339A-4588-8F76-1B5D0B33702B}.Debug|Any CPU.Build.0 = Debug|Any CPU
		{B732B4F9-339A-4588-8F76-1B5D0B33702B}.Release|Any CPU.ActiveCfg = Release|Any CPU
		{B732B4F9-339A-4588-8F76-1B5D0B33702B}.Release|Any CPU.Build.0 = Release|Any CPU
	EndGlobalSection
	GlobalSection(SolutionProperties) = preSolution
		HideSolutionNode = FALSE
	EndGlobalSection
	GlobalSection(ExtensibilityGlobals) = postSolution
		SolutionGuid = {FA7333D7-2531-4626-9C75-D6251093CBF6}
	EndGlobalSection
EndGlobal
